// !$*UTF8*$!
{
	archiveVersion = 1;
	classes = {
	};
	objectVersion = 46;
	objects = {

/* Begin PBXBuildFile section */
		4AC149AF16F7426A009F7CBA /* UIKit.framework in Frameworks */ = {isa = PBXBuildFile; fileRef = 4AC149AE16F7426A009F7CBA /* UIKit.framework */; };
		4AC149B116F7426A009F7CBA /* Foundation.framework in Frameworks */ = {isa = PBXBuildFile; fileRef = 4AC149B016F7426A009F7CBA /* Foundation.framework */; };
		4AC149B316F7426A009F7CBA /* CoreGraphics.framework in Frameworks */ = {isa = PBXBuildFile; fileRef = 4AC149B216F7426A009F7CBA /* CoreGraphics.framework */; };
		4AC149B916F7426A009F7CBA /* InfoPlist.strings in Resources */ = {isa = PBXBuildFile; fileRef = 4AC149B716F7426A009F7CBA /* InfoPlist.strings */; };
		4AC149BB16F7426A009F7CBA /* main.m in Sources */ = {isa = PBXBuildFile; fileRef = 4AC149BA16F7426A009F7CBA /* main.m */; };
		4AC149BF16F7426A009F7CBA /* EVAppDelegate.m in Sources */ = {isa = PBXBuildFile; fileRef = 4AC149BE16F7426A009F7CBA /* EVAppDelegate.m */; };
		4AC149C116F7426A009F7CBA /* Default.png in Resources */ = {isa = PBXBuildFile; fileRef = 4AC149C016F7426A009F7CBA /* Default.png */; };
		4AC149C316F7426A009F7CBA /* Default@2x.png in Resources */ = {isa = PBXBuildFile; fileRef = 4AC149C216F7426A009F7CBA /* Default@2x.png */; };
		4AC149C516F7426A009F7CBA /* Default-568h@2x.png in Resources */ = {isa = PBXBuildFile; fileRef = 4AC149C416F7426A009F7CBA /* Default-568h@2x.png */; };
		4AC149C816F7426A009F7CBA /* MainStoryboard.storyboard in Resources */ = {isa = PBXBuildFile; fileRef = 4AC149C616F7426A009F7CBA /* MainStoryboard.storyboard */; };
		4AC149CB16F7426A009F7CBA /* EVViewController.m in Sources */ = {isa = PBXBuildFile; fileRef = 4AC149CA16F7426A009F7CBA /* EVViewController.m */; };
/* End PBXBuildFile section */

/* Begin PBXFileReference section */
		4AC149AB16F7426A009F7CBA /* EasyVocab.app */ = {isa = PBXFileReference; explicitFileType = wrapper.application; includeInIndex = 0; path = EasyVocab.app; sourceTree = BUILT_PRODUCTS_DIR; };
		4AC149AE16F7426A009F7CBA /* UIKit.framework */ = {isa = PBXFileReference; lastKnownFileType = wrapper.framework; name = UIKit.framework; path = System/Library/Frameworks/UIKit.framework; sourceTree = SDKROOT; };
		4AC149B016F7426A009F7CBA /* Foundation.framework */ = {isa = PBXFileReference; lastKnownFileType = wrapper.framework; name = Foundation.framework; path = System/Library/Frameworks/Foundation.framework; sourceTree = SDKROOT; };
		4AC149B216F7426A009F7CBA /* CoreGraphics.framework */ = {isa = PBXFileReference; lastKnownFileType = wrapper.framework; name = CoreGraphics.framework; path = System/Library/Frameworks/CoreGraphics.framework; sourceTree = SDKROOT; };
		4AC149B616F7426A009F7CBA /* EasyVocab-Info.plist */ = {isa = PBXFileReference; lastKnownFileType = text.plist.xml; path = "EasyVocab-Info.plist"; sourceTree = "<group>"; };
		4AC149B816F7426A009F7CBA /* en */ = {isa = PBXFileReference; lastKnownFileType = text.plist.strings; name = en; path = en.lproj/InfoPlist.strings; sourceTree = "<group>"; };
		4AC149BA16F7426A009F7CBA /* main.m */ = {isa = PBXFileReference; lastKnownFileType = sourcecode.c.objc; path = main.m; sourceTree = "<group>"; };
		4AC149BC16F7426A009F7CBA /* EasyVocab-Prefix.pch */ = {isa = PBXFileReference; lastKnownFileType = sourcecode.c.h; path = "EasyVocab-Prefix.pch"; sourceTree = "<group>"; };
		4AC149BD16F7426A009F7CBA /* EVAppDelegate.h */ = {isa = PBXFileReference; lastKnownFileType = sourcecode.c.h; path = EVAppDelegate.h; sourceTree = "<group>"; };
		4AC149BE16F7426A009F7CBA /* EVAppDelegate.m */ = {isa = PBXFileReference; lastKnownFileType = sourcecode.c.objc; path = EVAppDelegate.m; sourceTree = "<group>"; };
		4AC149C016F7426A009F7CBA /* Default.png */ = {isa = PBXFileReference; lastKnownFileType = image.png; path = Default.png; sourceTree = "<group>"; };
		4AC149C216F7426A009F7CBA /* Default@2x.png */ = {isa = PBXFileReference; lastKnownFileType = image.png; path = "Default@2x.png"; sourceTree = "<group>"; };
		4AC149C416F7426A009F7CBA /* Default-568h@2x.png */ = {isa = PBXFileReference; lastKnownFileType = image.png; path = "Default-568h@2x.png"; sourceTree = "<group>"; };
		4AC149C716F7426A009F7CBA /* en */ = {isa = PBXFileReference; lastKnownFileType = file.storyboard; name = en; path = en.lproj/MainStoryboard.storyboard; sourceTree = "<group>"; };
		4AC149C916F7426A009F7CBA /* EVViewController.h */ = {isa = PBXFileReference; lastKnownFileType = sourcecode.c.h; path = EVViewController.h; sourceTree = "<group>"; };
		4AC149CA16F7426A009F7CBA /* EVViewController.m */ = {isa = PBXFileReference; lastKnownFileType = sourcecode.c.objc; path = EVViewController.m; sourceTree = "<group>"; };
/* End PBXFileReference section */

/* Begin PBXFrameworksBuildPhase section */
		4AC149A816F7426A009F7CBA /* Frameworks */ = {
			isa = PBXFrameworksBuildPhase;
			buildActionMask = 2147483647;
			files = (
				4AC149AF16F7426A009F7CBA /* UIKit.framework in Frameworks */,
				4AC149B116F7426A009F7CBA /* Foundation.framework in Frameworks */,
				4AC149B316F7426A009F7CBA /* CoreGraphics.framework in Frameworks */,
			);
			runOnlyForDeploymentPostprocessing = 0;
		};
/* End PBXFrameworksBuildPhase section */

/* Begin PBXGroup section */
		4AC149A216F7426A009F7CBA = {
			isa = PBXGroup;
			children = (
				4AC149B416F7426A009F7CBA /* EasyVocab */,
				4AC149AD16F7426A009F7CBA /* Frameworks */,
				4AC149AC16F7426A009F7CBA /* Products */,
			);
			sourceTree = "<group>";
		};
		4AC149AC16F7426A009F7CBA /* Products */ = {
			isa = PBXGroup;
			children = (
				4AC149AB16F7426A009F7CBA /* EasyVocab.app */,
			);
			name = Products;
			sourceTree = "<group>";
		};
		4AC149AD16F7426A009F7CBA /* Frameworks */ = {
			isa = PBXGroup;
			children = (
				4AC149AE16F7426A009F7CBA /* UIKit.framework */,
				4AC149B016F7426A009F7CBA /* Foundation.framework */,
				4AC149B216F7426A009F7CBA /* CoreGraphics.framework */,
			);
			name = Frameworks;
			sourceTree = "<group>";
		};
		4AC149B416F7426A009F7CBA /* EasyVocab */ = {
			isa = PBXGroup;
			children = (
				4AC149BD16F7426A009F7CBA /* EVAppDelegate.h */,
				4AC149BE16F7426A009F7CBA /* EVAppDelegate.m */,
				4AC149C616F7426A009F7CBA /* MainStoryboard.storyboard */,
				4AC149C916F7426A009F7CBA /* EVViewController.h */,
				4AC149CA16F7426A009F7CBA /* EVViewController.m */,
				4AC149B516F7426A009F7CBA /* Supporting Files */,
			);
			path = EasyVocab;
			sourceTree = "<group>";
		};
		4AC149B516F7426A009F7CBA /* Supporting Files */ = {
			isa = PBXGroup;
			children = (
				4AC149B616F7426A009F7CBA /* EasyVocab-Info.plist */,
				4AC149B716F7426A009F7CBA /* InfoPlist.strings */,
				4AC149BA16F7426A009F7CBA /* main.m */,
				4AC149BC16F7426A009F7CBA /* EasyVocab-Prefix.pch */,
				4AC149C016F7426A009F7CBA /* Default.png */,
				4AC149C216F7426A009F7CBA /* Default@2x.png */,
				4AC149C416F7426A009F7CBA /* Default-568h@2x.png */,
			);
			name = "Supporting Files";
			sourceTree = "<group>";
		};
/* End PBXGroup section */

/* Begin PBXNativeTarget section */
		4AC149AA16F7426A009F7CBA /* EasyVocab */ = {
			isa = PBXNativeTarget;
			buildConfigurationList = 4AC149CE16F7426A009F7CBA /* Build configuration list for PBXNativeTarget "EasyVocab" */;
			buildPhases = (
				4AC149A716F7426A009F7CBA /* Sources */,
				4AC149A816F7426A009F7CBA /* Frameworks */,
				4AC149A916F7426A009F7CBA /* Resources */,
			);
			buildRules = (
			);
			dependencies = (
			);
			name = EasyVocab;
			productName = EasyVocab;
			productReference = 4AC149AB16F7426A009F7CBA /* EasyVocab.app */;
			productType = "com.apple.product-type.application";
		};
/* End PBXNativeTarget section */

/* Begin PBXProject section */
		4AC149A316F7426A009F7CBA /* Project object */ = {
			isa = PBXProject;
			attributes = {
				CLASSPREFIX = EV;
				LastUpgradeCheck = 0460;
				ORGANIZATIONNAME = ICT54;
			};
			buildConfigurationList = 4AC149A616F7426A009F7CBA /* Build configuration list for PBXProject "EasyVocab" */;
			compatibilityVersion = "Xcode 3.2";
			developmentRegion = English;
			hasScannedForEncodings = 0;
			knownRegions = (
				en,
			);
			mainGroup = 4AC149A216F7426A009F7CBA;
			productRefGroup = 4AC149AC16F7426A009F7CBA /* Products */;
			projectDirPath = "";
			projectRoot = "";
			targets = (
				4AC149AA16F7426A009F7CBA /* EasyVocab */,
			);
		};
/* End PBXProject section */

/* Begin PBXResourcesBuildPhase section */
		4AC149A916F7426A009F7CBA /* Resources */ = {
			isa = PBXResourcesBuildPhase;
			buildActionMask = 2147483647;
			files = (
				4AC149B916F7426A009F7CBA /* InfoPlist.strings in Resources */,
				4AC149C116F7426A009F7CBA /* Default.png in Resources */,
				4AC149C316F7426A009F7CBA /* Default@2x.png in Resources */,
				4AC149C516F7426A009F7CBA /* Default-568h@2x.png in Resources */,
				4AC149C816F7426A009F7CBA /* MainStoryboard.storyboard in Resources */,
			);
			runOnlyForDeploymentPostprocessing = 0;
		};
/* End PBXResourcesBuildPhase section */

/* Begin PBXSourcesBuildPhase section */
		4AC149A716F7426A009F7CBA /* Sources */ = {
			isa = PBXSourcesBuildPhase;
			buildActionMask = 2147483647;
			files = (
				4AC149BB16F7426A009F7CBA /* main.m in Sources */,
				4AC149BF16F7426A009F7CBA /* EVAppDelegate.m in Sources */,
				4AC149CB16F7426A009F7CBA /* EVViewController.m in Sources */,
			);
			runOnlyForDeploymentPostprocessing = 0;
		};
/* End PBXSourcesBuildPhase section */

/* Begin PBXVariantGroup section */
		4AC149B716F7426A009F7CBA /* InfoPlist.strings */ = {
			isa = PBXVariantGroup;
			children = (
				4AC149B816F7426A009F7CBA /* en */,
			);
			name = InfoPlist.strings;
			sourceTree = "<group>";
		};
		4AC149C616F7426A009F7CBA /* MainStoryboard.storyboard */ = {
			isa = PBXVariantGroup;
			children = (
				4AC149C716F7426A009F7CBA /* en */,
			);
			name = MainStoryboard.storyboard;
			sourceTree = "<group>";
		};
/* End PBXVariantGroup section */

/* Begin XCBuildConfiguration section */
		4AC149CC16F7426A009F7CBA /* Debug */ = {
			isa = XCBuildConfiguration;
			buildSettings = {
				ALWAYS_SEARCH_USER_PATHS = NO;
				CLANG_CXX_LANGUAGE_STANDARD = "gnu++0x";
				CLANG_CXX_LIBRARY = "libc++";
				CLANG_ENABLE_OBJC_ARC = YES;
				CLANG_WARN_CONSTANT_CONVERSION = YES;
				CLANG_WARN_EMPTY_BODY = YES;
				CLANG_WARN_ENUM_CONVERSION = YES;
				CLANG_WARN_INT_CONVERSION = YES;
				CLANG_WARN__DUPLICATE_METHOD_MATCH = YES;
				"CODE_SIGN_IDENTITY[sdk=iphoneos*]" = "iPhone Developer";
				COPY_PHASE_STRIP = NO;
				GCC_C_LANGUAGE_STANDARD = gnu99;
				GCC_DYNAMIC_NO_PIC = NO;
				GCC_OPTIMIZATION_LEVEL = 0;
				GCC_PREPROCESSOR_DEFINITIONS = (
					"DEBUG=1",
					"$(inherited)",
				);
				GCC_SYMBOLS_PRIVATE_EXTERN = NO;
				GCC_WARN_ABOUT_RETURN_TYPE = YES;
				GCC_WARN_UNINITIALIZED_AUTOS = YES;
				GCC_WARN_UNUSED_VARIABLE = YES;
				IPHONEOS_DEPLOYMENT_TARGET = 6.1;
				ONLY_ACTIVE_ARCH = YES;
				SDKROOT = iphoneos;
			};
			name = Debug;
		};
		4AC149CD16F7426A009F7CBA /* Release */ = {
			isa = XCBuildConfiguration;
			buildSettings = {
				ALWAYS_SEARCH_USER_PATHS = NO;
				CLANG_CXX_LANGUAGE_STANDARD = "gnu++0x";
				CLANG_CXX_LIBRARY = "libc++";
				CLANG_ENABLE_OBJC_ARC = YES;
				CLANG_WARN_CONSTANT_CONVERSION = YES;
				CLANG_WARN_EMPTY_BODY = YES;
				CLANG_WARN_ENUM_CONVERSION = YES;
				CLANG_WARN_INT_CONVERSION = YES;
				CLANG_WARN__DUPLICATE_METHOD_MATCH = YES;
				"CODE_SIGN_IDENTITY[sdk=iphoneos*]" = "iPhone Developer";
				COPY_PHASE_STRIP = YES;
				GCC_C_LANGUAGE_STANDARD = gnu99;
				GCC_WARN_ABOUT_RETURN_TYPE = YES;
				GCC_WARN_UNINITIALIZED_AUTOS = YES;
				GCC_WARN_UNUSED_VARIABLE = YES;
				IPHONEOS_DEPLOYMENT_TARGET = 6.1;
				OTHER_CFLAGS = "-DNS_BLOCK_ASSERTIONS=1";
				SDKROOT = iphoneos;
				VALIDATE_PRODUCT = YES;
			};
			name = Release;
		};
		4AC149CF16F7426A009F7CBA /* Debug */ = {
			isa = XCBuildConfiguration;
			buildSettings = {
				GCC_PRECOMPILE_PREFIX_HEADER = YES;
				GCC_PREFIX_HEADER = "EasyVocab/EasyVocab-Prefix.pch";
				INFOPLIST_FILE = "EasyVocab/EasyVocab-Info.plist";
				PRODUCT_NAME = "$(TARGET_NAME)";
				WRAPPER_EXTENSION = app;
			};
			name = Debug;
		};
		4AC149D016F7426A009F7CBA /* Release */ = {
			isa = XCBuildConfiguration;
			buildSettings = {
				GCC_PRECOMPILE_PREFIX_HEADER = YES;
				GCC_PREFIX_HEADER = "EasyVocab/EasyVocab-Prefix.pch";
				INFOPLIST_FILE = "EasyVocab/EasyVocab-Info.plist";
				PRODUCT_NAME = "$(TARGET_NAME)";
				WRAPPER_EXTENSION = app;
			};
			name = Release;
		};
/* End XCBuildConfiguration section */

/* Begin XCConfigurationList section */
		4AC149A616F7426A009F7CBA /* Build configuration list for PBXProject "EasyVocab" */ = {
			isa = XCConfigurationList;
			buildConfigurations = (
				4AC149CC16F7426A009F7CBA /* Debug */,
				4AC149CD16F7426A009F7CBA /* Release */,
			);
			defaultConfigurationIsVisible = 0;
			defaultConfigurationName = Release;
		};
		4AC149CE16F7426A009F7CBA /* Build configuration list for PBXNativeTarget "EasyVocab" */ = {
			isa = XCConfigurationList;
			buildConfigurations = (
				4AC149CF16F7426A009F7CBA /* Debug */,
				4AC149D016F7426A009F7CBA /* Release */,
			);
			defaultConfigurationIsVisible = 0;
		};
/* End XCConfigurationList section */
	};
	rootObject = 4AC149A316F7426A009F7CBA /* Project object */;
}
